
Microsoft Visual Studio Solution File, Format Version 12.00
# Visual Studio Version 17
VisualStudioVersion = 17.2.32505.173
MinimumVisualStudioVersion = 10.0.40219.1
Project("{FAE04EC0-301F-11D3-BF4B-00C04F79EFBC}") = "2. Odd Occurrences", "2. Odd Occurrences\2. Odd Occurrences.csproj", "{C6E0FA58-EE72-4BE4-A9AF-C48F8D78CCFB}"
EndProject
Global
	GlobalSection(SolutionConfigurationPlatforms) = preSolution
		Debug|Any CPU = Debug|Any CPU
		Release|Any CPU = Release|Any CPU
	EndGlobalSection
	GlobalSection(ProjectConfigurationPlatforms) = postSolution
		{C6E0FA58-EE72-4BE4-A9AF-C48F8D78CCFB}.Debug|Any CPU.ActiveCfg = Debug|Any CPU
		{C6E0FA58-EE72-4BE4-A9AF-C48F8D78CCFB}.Debug|Any CPU.Build.0 = Debug|Any CPU
		{C6E0FA58-EE72-4BE4-A9AF-C48F8D78CCFB}.Release|Any CPU.ActiveCfg = Release|Any CPU
		{C6E0FA58-EE72-4BE4-A9AF-C48F8D78CCFB}.Release|Any CPU.Build.0 = Release|Any CPU
	EndGlobalSection
	GlobalSection(SolutionProperties) = preSolution
		HideSolutionNode = FALSE
	EndGlobalSection
	GlobalSection(ExtensibilityGlobals) = postSolution
		SolutionGuid = {D0A39BE1-3504-46B5-AA0F-1AC6E08317B5}
	EndGlobalSection
EndGlobal
