
Microsoft Visual Studio Solution File, Format Version 12.00
# Visual Studio Version 17
VisualStudioVersion = 17.2.32505.173
MinimumVisualStudioVersion = 10.0.40219.1
Project("{9A19103F-16F7-4668-BE54-9A1E7A4F7556}") = "5. Bomb Numbersa", "5. Bomb Numbersa\5. Bomb Numbersa.csproj", "{6A407969-76E7-4144-BE03-C43FD5CD7625}"
EndProject
Project("{FAE04EC0-301F-11D3-BF4B-00C04F79EFBC}") = "3. Articles 2.0", "3. Articles 2.0\3. Articles 2.0.csproj", "{F8392F8F-CD6E-44DE-9DDD-240E7A9FD5A8}"
EndProject
Global
	GlobalSection(SolutionConfigurationPlatforms) = preSolution
		Debug|Any CPU = Debug|Any CPU
		Release|Any CPU = Release|Any CPU
	EndGlobalSection
	GlobalSection(ProjectConfigurationPlatforms) = postSolution
		{6A407969-76E7-4144-BE03-C43FD5CD7625}.Debug|Any CPU.ActiveCfg = Debug|Any CPU
		{6A407969-76E7-4144-BE03-C43FD5CD7625}.Debug|Any CPU.Build.0 = Debug|Any CPU
		{6A407969-76E7-4144-BE03-C43FD5CD7625}.Release|Any CPU.ActiveCfg = Release|Any CPU
		{6A407969-76E7-4144-BE03-C43FD5CD7625}.Release|Any CPU.Build.0 = Release|Any CPU
		{F8392F8F-CD6E-44DE-9DDD-240E7A9FD5A8}.Debug|Any CPU.ActiveCfg = Debug|Any CPU
		{F8392F8F-CD6E-44DE-9DDD-240E7A9FD5A8}.Debug|Any CPU.Build.0 = Debug|Any CPU
		{F8392F8F-CD6E-44DE-9DDD-240E7A9FD5A8}.Release|Any CPU.ActiveCfg = Release|Any CPU
		{F8392F8F-CD6E-44DE-9DDD-240E7A9FD5A8}.Release|Any CPU.Build.0 = Release|Any CPU
	EndGlobalSection
	GlobalSection(SolutionProperties) = preSolution
		HideSolutionNode = FALSE
	EndGlobalSection
	GlobalSection(ExtensibilityGlobals) = postSolution
		SolutionGuid = {6D334AEA-BAAC-4933-809E-A8F4FFAD268D}
	EndGlobalSection
EndGlobal
